
Microsoft Visual Studio Solution File, Format Version 12.00
# Visual Studio Version 16
VisualStudioVersion = 25.0.1704.0
MinimumVisualStudioVersion = 10.0.40219.1
Project("{FAE04EC0-301F-11D3-BF4B-00C04F79EFBC}") = "converter", "converter\converter.csproj", "{0191B22B-8AF7-45C5-AD03-9A7F0E8CAA92}"
EndProject
Project("{FAE04EC0-301F-11D3-BF4B-00C04F79EFBC}") = "ConverterTest", "ConverterTest\ConverterTest.csproj", "{39DBC495-6C04-4CC0-AC61-4382C2BE90F6}"
EndProject
Project("{FAE04EC0-301F-11D3-BF4B-00C04F79EFBC}") = "Common", "Common\Common.csproj", "{7D9E30BF-3F38-45AF-9E67-631BF921B5A5}"
EndProject
Global
	GlobalSection(SolutionConfigurationPlatforms) = preSolution
		Debug|Any CPU = Debug|Any CPU
		Release|Any CPU = Release|Any CPU
	EndGlobalSection
	GlobalSection(ProjectConfigurationPlatforms) = postSolution
		{0191B22B-8AF7-45C5-AD03-9A7F0E8CAA92}.Debug|Any CPU.ActiveCfg = Debug|Any CPU
		{0191B22B-8AF7-45C5-AD03-9A7F0E8CAA92}.Debug|Any CPU.Build.0 = Debug|Any CPU
		{0191B22B-8AF7-45C5-AD03-9A7F0E8CAA92}.Release|Any CPU.ActiveCfg = Release|Any CPU
		{0191B22B-8AF7-45C5-AD03-9A7F0E8CAA92}.Release|Any CPU.Build.0 = Release|Any CPU
		{39DBC495-6C04-4CC0-AC61-4382C2BE90F6}.Debug|Any CPU.ActiveCfg = Debug|Any CPU
		{39DBC495-6C04-4CC0-AC61-4382C2BE90F6}.Debug|Any CPU.Build.0 = Debug|Any CPU
		{39DBC495-6C04-4CC0-AC61-4382C2BE90F6}.Release|Any CPU.ActiveCfg = Release|Any CPU
		{39DBC495-6C04-4CC0-AC61-4382C2BE90F6}.Release|Any CPU.Build.0 = Release|Any CPU
		{7D9E30BF-3F38-45AF-9E67-631BF921B5A5}.Debug|Any CPU.ActiveCfg = Debug|Any CPU
		{7D9E30BF-3F38-45AF-9E67-631BF921B5A5}.Debug|Any CPU.Build.0 = Debug|Any CPU
		{7D9E30BF-3F38-45AF-9E67-631BF921B5A5}.Release|Any CPU.ActiveCfg = Release|Any CPU
		{7D9E30BF-3F38-45AF-9E67-631BF921B5A5}.Release|Any CPU.Build.0 = Release|Any CPU
	EndGlobalSection
	GlobalSection(SolutionProperties) = preSolution
		HideSolutionNode = FALSE
	EndGlobalSection
	GlobalSection(ExtensibilityGlobals) = postSolution
		SolutionGuid = {F13D7171-98CA-4A4B-B87B-77271D21744C}
	EndGlobalSection
EndGlobal
